
Microsoft Visual Studio Solution File, Format Version 12.00
# Visual Studio 2013
VisualStudioVersion = 12.0.21005.1
MinimumVisualStudioVersion = 10.0.40219.1
Project("{FAE04EC0-301F-11D3-BF4B-00C04F79EFBC}") = "Snappy.NET", "Snappy.NET\Snappy.NET.net20.csproj", "{F8FAF539-E365-4995-A695-499BA4AD31DB}"
EndProject
Project("{FAE04EC0-301F-11D3-BF4B-00C04F79EFBC}") = "Snappy.Tests", "Snappy.Tests\Snappy.Tests.net35.csproj", "{B8A25FB3-8EF8-490B-A7E8-56341623C163}"
EndProject
Global
	GlobalSection(SolutionConfigurationPlatforms) = preSolution
		Debug|Any CPU = Debug|Any CPU
		Release|Any CPU = Release|Any CPU
	EndGlobalSection
	GlobalSection(ProjectConfigurationPlatforms) = postSolution
		{F8FAF539-E365-4995-A695-499BA4AD31DB}.Debug|Any CPU.ActiveCfg = Debug|Any CPU
		{F8FAF539-E365-4995-A695-499BA4AD31DB}.Debug|Any CPU.Build.0 = Debug|Any CPU
		{F8FAF539-E365-4995-A695-499BA4AD31DB}.Release|Any CPU.ActiveCfg = Release|Any CPU
		{F8FAF539-E365-4995-A695-499BA4AD31DB}.Release|Any CPU.Build.0 = Release|Any CPU
		{B8A25FB3-8EF8-490B-A7E8-56341623C163}.Debug|Any CPU.ActiveCfg = Debug|Any CPU
		{B8A25FB3-8EF8-490B-A7E8-56341623C163}.Debug|Any CPU.Build.0 = Debug|Any CPU
		{B8A25FB3-8EF8-490B-A7E8-56341623C163}.Release|Any CPU.ActiveCfg = Release|Any CPU
		{B8A25FB3-8EF8-490B-A7E8-56341623C163}.Release|Any CPU.Build.0 = Release|Any CPU
	EndGlobalSection
	GlobalSection(SolutionProperties) = preSolution
		HideSolutionNode = FALSE
	EndGlobalSection
EndGlobal
